
Microsoft Visual Studio Solution File, Format Version 12.00
Project("{FAE04EC0-301F-11D3-BF4B-00C04F79EFBC}") = "Project Planner", "Project Planner.csproj", "{0634A57F-D806-4737-AE55-FB23F0D44169}"
EndProject
Project("{2150E333-8FDC-42A3-9474-1A3956D46DE8}") = "Application", "Application", "{F45462C8-DA3C-4A61-B338-E97C12EA19F9}"
EndProject
Project("{FAE04EC0-301F-11D3-BF4B-00C04F79EFBC}") = "Errors", "Errors\Errors.csproj", "{E874CF4E-D2D8-48E7-9959-41730301DF53}"
EndProject
Project("{2150E333-8FDC-42A3-9474-1A3956D46DE8}") = "Business", "Business", "{B5C8A9BD-4B2A-40F2-955B-C532946ECE9B}"
EndProject
Project("{FAE04EC0-301F-11D3-BF4B-00C04F79EFBC}") = "CriticalPathMethod", "CriticalPathMethod\CriticalPathMethod.csproj", "{9D644351-FEB8-4F73-8726-A98DAEBB9516}"
EndProject
Global
	GlobalSection(SolutionConfigurationPlatforms) = preSolution
		Debug|Any CPU = Debug|Any CPU
		Release|Any CPU = Release|Any CPU
	EndGlobalSection
	GlobalSection(ProjectConfigurationPlatforms) = postSolution
		{0634A57F-D806-4737-AE55-FB23F0D44169}.Debug|Any CPU.ActiveCfg = Debug|Any CPU
		{0634A57F-D806-4737-AE55-FB23F0D44169}.Debug|Any CPU.Build.0 = Debug|Any CPU
		{0634A57F-D806-4737-AE55-FB23F0D44169}.Release|Any CPU.ActiveCfg = Release|Any CPU
		{0634A57F-D806-4737-AE55-FB23F0D44169}.Release|Any CPU.Build.0 = Release|Any CPU
		{E874CF4E-D2D8-48E7-9959-41730301DF53}.Debug|Any CPU.ActiveCfg = Debug|Any CPU
		{E874CF4E-D2D8-48E7-9959-41730301DF53}.Debug|Any CPU.Build.0 = Debug|Any CPU
		{E874CF4E-D2D8-48E7-9959-41730301DF53}.Release|Any CPU.ActiveCfg = Release|Any CPU
		{E874CF4E-D2D8-48E7-9959-41730301DF53}.Release|Any CPU.Build.0 = Release|Any CPU
		{9D644351-FEB8-4F73-8726-A98DAEBB9516}.Debug|Any CPU.ActiveCfg = Debug|Any CPU
		{9D644351-FEB8-4F73-8726-A98DAEBB9516}.Debug|Any CPU.Build.0 = Debug|Any CPU
		{9D644351-FEB8-4F73-8726-A98DAEBB9516}.Release|Any CPU.ActiveCfg = Release|Any CPU
		{9D644351-FEB8-4F73-8726-A98DAEBB9516}.Release|Any CPU.Build.0 = Release|Any CPU
	EndGlobalSection
	GlobalSection(NestedProjects) = preSolution
		{E874CF4E-D2D8-48E7-9959-41730301DF53} = {F45462C8-DA3C-4A61-B338-E97C12EA19F9}
		{0634A57F-D806-4737-AE55-FB23F0D44169} = {F45462C8-DA3C-4A61-B338-E97C12EA19F9}
		{9D644351-FEB8-4F73-8726-A98DAEBB9516} = {B5C8A9BD-4B2A-40F2-955B-C532946ECE9B}
	EndGlobalSection
EndGlobal
