
Microsoft Visual Studio Solution File, Format Version 12.00
Project("{FAE04EC0-301F-11D3-BF4B-00C04F79EFBC}") = "ProjectPlanner.Application", "ProjectPlanner.Application\ProjectPlanner.Application.csproj", "{7AEC9D32-0674-4BEC-AFE7-A62622B70526}"
EndProject
Project("{2150E333-8FDC-42A3-9474-1A3956D46DE8}") = "Application", "Application", "{0CE229B8-0F9E-4F25-9B40-DBBC756483B4}"
EndProject
Project("{FAE04EC0-301F-11D3-BF4B-00C04F79EFBC}") = "ProjectPlanner.Application.Errors", "ProjectPlanner.Application.Errors\ProjectPlanner.Application.Errors.csproj", "{68232EBC-ED11-4ADE-A0D7-2A5460A034F2}"
EndProject
Project("{2150E333-8FDC-42A3-9474-1A3956D46DE8}") = "Business", "Business", "{A1CDF3E6-8332-40F6-837B-151FAC6BD139}"
EndProject
Project("{FAE04EC0-301F-11D3-BF4B-00C04F79EFBC}") = "ProjectPlanner.Application.Services", "ProjectPlanner.Application.Services\ProjectPlanner.Application.Services.csproj", "{113C1739-4361-4A0B-B073-74537674BC49}"
EndProject
Project("{FAE04EC0-301F-11D3-BF4B-00C04F79EFBC}") = "ProjectPlanner.Business.Validation", "ProjectPlanner.Business.Validation\ProjectPlanner.Business.Validation.csproj", "{55811D46-FF5E-48FD-89AB-9DDFF1B00E57}"
EndProject
Project("{FAE04EC0-301F-11D3-BF4B-00C04F79EFBC}") = "ProjectPlanner.Business.CriticalPathMethod", "ProjectPlanner.Business.CriticalPathMethod\ProjectPlanner.Business.CriticalPathMethod.csproj", "{B96AC03C-5642-4D16-A554-4793FA0A8C00}"
EndProject
Project("{2150E333-8FDC-42A3-9474-1A3956D46DE8}") = "Tests", "Tests", "{F503F92F-E4B3-4360-9254-D45895453BBF}"
EndProject
Project("{FAE04EC0-301F-11D3-BF4B-00C04F79EFBC}") = "ProjectPlanner.Controller.Tests", "Tests\ProjectPlanner.Controller.Tests\ProjectPlanner.Controller.Tests.csproj", "{32639E33-0008-4E18-B6F1-4D4B9902577A}"
EndProject
Project("{FAE04EC0-301F-11D3-BF4B-00C04F79EFBC}") = "ProjectPlanner.Algorithm.Tests", "Tests\ProjectPlanner.Algorithm.Tests\ProjectPlanner.Algorithm.Tests.csproj", "{049A1542-BA3B-4340-A305-93CA3B168B75}"
EndProject
Project("{FAE04EC0-301F-11D3-BF4B-00C04F79EFBC}") = "ProjectPlanner.Business.TransportProblem", "ProjectPlanner.Business.TransportProblem\ProjectPlanner.Business.TransportProblem.csproj", "{A86B3D13-6A9D-4FB2-AFAF-488D799A344E}"
EndProject
Global
	GlobalSection(SolutionConfigurationPlatforms) = preSolution
		Debug|Any CPU = Debug|Any CPU
		Release|Any CPU = Release|Any CPU
	EndGlobalSection
	GlobalSection(ProjectConfigurationPlatforms) = postSolution
		{7AEC9D32-0674-4BEC-AFE7-A62622B70526}.Debug|Any CPU.ActiveCfg = Debug|Any CPU
		{7AEC9D32-0674-4BEC-AFE7-A62622B70526}.Debug|Any CPU.Build.0 = Debug|Any CPU
		{7AEC9D32-0674-4BEC-AFE7-A62622B70526}.Release|Any CPU.ActiveCfg = Release|Any CPU
		{7AEC9D32-0674-4BEC-AFE7-A62622B70526}.Release|Any CPU.Build.0 = Release|Any CPU
		{68232EBC-ED11-4ADE-A0D7-2A5460A034F2}.Debug|Any CPU.ActiveCfg = Debug|Any CPU
		{68232EBC-ED11-4ADE-A0D7-2A5460A034F2}.Debug|Any CPU.Build.0 = Debug|Any CPU
		{68232EBC-ED11-4ADE-A0D7-2A5460A034F2}.Release|Any CPU.ActiveCfg = Release|Any CPU
		{68232EBC-ED11-4ADE-A0D7-2A5460A034F2}.Release|Any CPU.Build.0 = Release|Any CPU
		{113C1739-4361-4A0B-B073-74537674BC49}.Debug|Any CPU.ActiveCfg = Debug|Any CPU
		{113C1739-4361-4A0B-B073-74537674BC49}.Debug|Any CPU.Build.0 = Debug|Any CPU
		{113C1739-4361-4A0B-B073-74537674BC49}.Release|Any CPU.ActiveCfg = Release|Any CPU
		{113C1739-4361-4A0B-B073-74537674BC49}.Release|Any CPU.Build.0 = Release|Any CPU
		{55811D46-FF5E-48FD-89AB-9DDFF1B00E57}.Debug|Any CPU.ActiveCfg = Debug|Any CPU
		{55811D46-FF5E-48FD-89AB-9DDFF1B00E57}.Debug|Any CPU.Build.0 = Debug|Any CPU
		{55811D46-FF5E-48FD-89AB-9DDFF1B00E57}.Release|Any CPU.ActiveCfg = Release|Any CPU
		{55811D46-FF5E-48FD-89AB-9DDFF1B00E57}.Release|Any CPU.Build.0 = Release|Any CPU
		{B96AC03C-5642-4D16-A554-4793FA0A8C00}.Debug|Any CPU.ActiveCfg = Debug|Any CPU
		{B96AC03C-5642-4D16-A554-4793FA0A8C00}.Debug|Any CPU.Build.0 = Debug|Any CPU
		{B96AC03C-5642-4D16-A554-4793FA0A8C00}.Release|Any CPU.ActiveCfg = Release|Any CPU
		{B96AC03C-5642-4D16-A554-4793FA0A8C00}.Release|Any CPU.Build.0 = Release|Any CPU
		{32639E33-0008-4E18-B6F1-4D4B9902577A}.Debug|Any CPU.ActiveCfg = Debug|Any CPU
		{32639E33-0008-4E18-B6F1-4D4B9902577A}.Debug|Any CPU.Build.0 = Debug|Any CPU
		{32639E33-0008-4E18-B6F1-4D4B9902577A}.Release|Any CPU.ActiveCfg = Release|Any CPU
		{32639E33-0008-4E18-B6F1-4D4B9902577A}.Release|Any CPU.Build.0 = Release|Any CPU
		{049A1542-BA3B-4340-A305-93CA3B168B75}.Debug|Any CPU.ActiveCfg = Debug|Any CPU
		{049A1542-BA3B-4340-A305-93CA3B168B75}.Debug|Any CPU.Build.0 = Debug|Any CPU
		{049A1542-BA3B-4340-A305-93CA3B168B75}.Release|Any CPU.ActiveCfg = Release|Any CPU
		{049A1542-BA3B-4340-A305-93CA3B168B75}.Release|Any CPU.Build.0 = Release|Any CPU
		{A86B3D13-6A9D-4FB2-AFAF-488D799A344E}.Debug|Any CPU.ActiveCfg = Debug|Any CPU
		{A86B3D13-6A9D-4FB2-AFAF-488D799A344E}.Debug|Any CPU.Build.0 = Debug|Any CPU
		{A86B3D13-6A9D-4FB2-AFAF-488D799A344E}.Release|Any CPU.ActiveCfg = Release|Any CPU
		{A86B3D13-6A9D-4FB2-AFAF-488D799A344E}.Release|Any CPU.Build.0 = Release|Any CPU
	EndGlobalSection
	GlobalSection(NestedProjects) = preSolution
		{7AEC9D32-0674-4BEC-AFE7-A62622B70526} = {0CE229B8-0F9E-4F25-9B40-DBBC756483B4}
		{68232EBC-ED11-4ADE-A0D7-2A5460A034F2} = {0CE229B8-0F9E-4F25-9B40-DBBC756483B4}
		{113C1739-4361-4A0B-B073-74537674BC49} = {0CE229B8-0F9E-4F25-9B40-DBBC756483B4}
		{55811D46-FF5E-48FD-89AB-9DDFF1B00E57} = {A1CDF3E6-8332-40F6-837B-151FAC6BD139}
		{B96AC03C-5642-4D16-A554-4793FA0A8C00} = {A1CDF3E6-8332-40F6-837B-151FAC6BD139}
		{32639E33-0008-4E18-B6F1-4D4B9902577A} = {F503F92F-E4B3-4360-9254-D45895453BBF}
		{049A1542-BA3B-4340-A305-93CA3B168B75} = {F503F92F-E4B3-4360-9254-D45895453BBF}
		{A86B3D13-6A9D-4FB2-AFAF-488D799A344E} = {A1CDF3E6-8332-40F6-837B-151FAC6BD139}
	EndGlobalSection
EndGlobal
